// !$*UTF8*$!
{
	archiveVersion = 1;
	classes = {
	};
	objectVersion = 46;
	objects = {

/* Begin PBXBuildFile section */
		E94094F81EFBBED200A33F5C /* main.m in Sources */ = {isa = PBXBuildFile; fileRef = E94094F71EFBBED200A33F5C /* main.m */; };
		E94094FB1EFBBED200A33F5C /* AppDelegate.m in Sources */ = {isa = PBXBuildFile; fileRef = E94094FA1EFBBED200A33F5C /* AppDelegate.m */; };
		E94094FE1EFBBED200A33F5C /* ViewController.m in Sources */ = {isa = PBXBuildFile; fileRef = E94094FD1EFBBED200A33F5C /* ViewController.m */; };
		E94095011EFBBED200A33F5C /* Main.storyboard in Resources */ = {isa = PBXBuildFile; fileRef = E94094FF1EFBBED200A33F5C /* Main.storyboard */; };
		E94095031EFBBED200A33F5C /* Assets.xcassets in Resources */ = {isa = PBXBuildFile; fileRef = E94095021EFBBED200A33F5C /* Assets.xcassets */; };
		E94095061EFBBED200A33F5C /* LaunchScreen.storyboard in Resources */ = {isa = PBXBuildFile; fileRef = E94095041EFBBED200A33F5C /* LaunchScreen.storyboard */; };
/* End PBXBuildFile section */

/* Begin PBXFileReference section */
		E94094F31EFBBED200A33F5C /* SearchBarTest.app */ = {isa = PBXFileReference; explicitFileType = wrapper.application; includeInIndex = 0; path = SearchBarTest.app; sourceTree = BUILT_PRODUCTS_DIR; };
		E94094F71EFBBED200A33F5C /* main.m */ = {isa = PBXFileReference; lastKnownFileType = sourcecode.c.objc; path = main.m; sourceTree = "<group>"; };
		E94094F91EFBBED200A33F5C /* AppDelegate.h */ = {isa = PBXFileReference; lastKnownFileType = sourcecode.c.h; path = AppDelegate.h; sourceTree = "<group>"; };
		E94094FA1EFBBED200A33F5C /* AppDelegate.m */ = {isa = PBXFileReference; lastKnownFileType = sourcecode.c.objc; path = AppDelegate.m; sourceTree = "<group>"; };
		E94094FC1EFBBED200A33F5C /* ViewController.h */ = {isa = PBXFileReference; lastKnownFileType = sourcecode.c.h; path = ViewController.h; sourceTree = "<group>"; };
		E94094FD1EFBBED200A33F5C /* ViewController.m */ = {isa = PBXFileReference; lastKnownFileType = sourcecode.c.objc; path = ViewController.m; sourceTree = "<group>"; };
		E94095001EFBBED200A33F5C /* Base */ = {isa = PBXFileReference; lastKnownFileType = file.storyboard; name = Base; path = Base.lproj/Main.storyboard; sourceTree = "<group>"; };
		E94095021EFBBED200A33F5C /* Assets.xcassets */ = {isa = PBXFileReference; lastKnownFileType = folder.assetcatalog; path = Assets.xcassets; sourceTree = "<group>"; };
		E94095051EFBBED200A33F5C /* Base */ = {isa = PBXFileReference; lastKnownFileType = file.storyboard; name = Base; path = Base.lproj/LaunchScreen.storyboard; sourceTree = "<group>"; };
		E94095071EFBBED200A33F5C /* Info.plist */ = {isa = PBXFileReference; lastKnownFileType = text.plist.xml; path = Info.plist; sourceTree = "<group>"; };
/* End PBXFileReference section */

/* Begin PBXFrameworksBuildPhase section */
		E94094F01EFBBED200A33F5C /* Frameworks */ = {
			isa = PBXFrameworksBuildPhase;
			buildActionMask = 2147483647;
			files = (
			);
			runOnlyForDeploymentPostprocessing = 0;
		};
/* End PBXFrameworksBuildPhase section */

/* Begin PBXGroup section */
		E94094EA1EFBBED200A33F5C = {
			isa = PBXGroup;
			children = (
				E94094F51EFBBED200A33F5C /* SearchBarTest */,
				E94094F41EFBBED200A33F5C /* Products */,
			);
			sourceTree = "<group>";
		};
		E94094F41EFBBED200A33F5C /* Products */ = {
			isa = PBXGroup;
			children = (
				E94094F31EFBBED200A33F5C /* SearchBarTest.app */,
			);
			name = Products;
			sourceTree = "<group>";
		};
		E94094F51EFBBED200A33F5C /* SearchBarTest */ = {
			isa = PBXGroup;
			children = (
				E94094F91EFBBED200A33F5C /* AppDelegate.h */,
				E94094FA1EFBBED200A33F5C /* AppDelegate.m */,
				E94094FC1EFBBED200A33F5C /* ViewController.h */,
				E94094FD1EFBBED200A33F5C /* ViewController.m */,
				E94094FF1EFBBED200A33F5C /* Main.storyboard */,
				E94095021EFBBED200A33F5C /* Assets.xcassets */,
				E94095041EFBBED200A33F5C /* LaunchScreen.storyboard */,
				E94095071EFBBED200A33F5C /* Info.plist */,
				E94094F61EFBBED200A33F5C /* Supporting Files */,
			);
			path = SearchBarTest;
			sourceTree = "<group>";
		};
		E94094F61EFBBED200A33F5C /* Supporting Files */ = {
			isa = PBXGroup;
			children = (
				E94094F71EFBBED200A33F5C /* main.m */,
			);
			name = "Supporting Files";
			sourceTree = "<group>";
		};
/* End PBXGroup section */

/* Begin PBXNativeTarget section */
		E94094F21EFBBED200A33F5C /* SearchBarTest */ = {
			isa = PBXNativeTarget;
			buildConfigurationList = E940950A1EFBBED200A33F5C /* Build configuration list for PBXNativeTarget "SearchBarTest" */;
			buildPhases = (
				E94094EF1EFBBED200A33F5C /* Sources */,
				E94094F01EFBBED200A33F5C /* Frameworks */,
				E94094F11EFBBED200A33F5C /* Resources */,
			);
			buildRules = (
			);
			dependencies = (
			);
			name = SearchBarTest;
			productName = SearchBarTest;
			productReference = E94094F31EFBBED200A33F5C /* SearchBarTest.app */;
			productType = "com.apple.product-type.application";
		};
/* End PBXNativeTarget section */

/* Begin PBXProject section */
		E94094EB1EFBBED200A33F5C /* Project object */ = {
			isa = PBXProject;
			attributes = {
				LastUpgradeCheck = 0830;
				ORGANIZATIONNAME = zhuo;
				TargetAttributes = {
					E94094F21EFBBED200A33F5C = {
						CreatedOnToolsVersion = 8.3.3;
						DevelopmentTeam = XSMMZ2EM25;
						ProvisioningStyle = Automatic;
					};
				};
			};
			buildConfigurationList = E94094EE1EFBBED200A33F5C /* Build configuration list for PBXProject "SearchBarTest" */;
			compatibilityVersion = "Xcode 3.2";
			developmentRegion = English;
			hasScannedForEncodings = 0;
			knownRegions = (
				en,
				Base,
			);
			mainGroup = E94094EA1EFBBED200A33F5C;
			productRefGroup = E94094F41EFBBED200A33F5C /* Products */;
			projectDirPath = "";
			projectRoot = "";
			targets = (
				E94094F21EFBBED200A33F5C /* SearchBarTest */,
			);
		};
/* End PBXProject section */

/* Begin PBXResourcesBuildPhase section */
		E94094F11EFBBED200A33F5C /* Resources */ = {
			isa = PBXResourcesBuildPhase;
			buildActionMask = 2147483647;
			files = (
				E94095061EFBBED200A33F5C /* LaunchScreen.storyboard in Resources */,
				E94095031EFBBED200A33F5C /* Assets.xcassets in Resources */,
				E94095011EFBBED200A33F5C /* Main.storyboard in Resources */,
			);
			runOnlyForDeploymentPostprocessing = 0;
		};
/* End PBXResourcesBuildPhase section */

/* Begin PBXSourcesBuildPhase section */
		E94094EF1EFBBED200A33F5C /* Sources */ = {
			isa = PBXSourcesBuildPhase;
			buildActionMask = 2147483647;
			files = (
				E94094FE1EFBBED200A33F5C /* ViewController.m in Sources */,
				E94094FB1EFBBED200A33F5C /* AppDelegate.m in Sources */,
				E94094F81EFBBED200A33F5C /* main.m in Sources */,
			);
			runOnlyForDeploymentPostprocessing = 0;
		};
/* End PBXSourcesBuildPhase section */

/* Begin PBXVariantGroup section */
		E94094FF1EFBBED200A33F5C /* Main.storyboard */ = {
			isa = PBXVariantGroup;
			children = (
				E94095001EFBBED200A33F5C /* Base */,
			);
			name = Main.storyboard;
			sourceTree = "<group>";
		};
		E94095041EFBBED200A33F5C /* LaunchScreen.storyboard */ = {
			isa = PBXVariantGroup;
			children = (
				E94095051EFBBED200A33F5C /* Base */,
			);
			name = LaunchScreen.storyboard;
			sourceTree = "<group>";
		};
/* End PBXVariantGroup section */

/* Begin XCBuildConfiguration section */
		E94095081EFBBED200A33F5C /* Debug */ = {
			isa = XCBuildConfiguration;
			buildSettings = {
				ALWAYS_SEARCH_USER_PATHS = NO;
				CLANG_ANALYZER_NONNULL = YES;
				CLANG_ANALYZER_NUMBER_OBJECT_CONVERSION = YES_AGGRESSIVE;
				CLANG_CXX_LANGUAGE_STANDARD = "gnu++0x";
				CLANG_CXX_LIBRARY = "libc++";
				CLANG_ENABLE_MODULES = YES;
				CLANG_ENABLE_OBJC_ARC = YES;
				CLANG_WARN_BOOL_CONVERSION = YES;
				CLANG_WARN_CONSTANT_CONVERSION = YES;
				CLANG_WARN_DIRECT_OBJC_ISA_USAGE = YES_ERROR;
				CLANG_WARN_DOCUMENTATION_COMMENTS = YES;
				CLANG_WARN_EMPTY_BODY = YES;
				CLANG_WARN_ENUM_CONVERSION = YES;
				CLANG_WARN_INFINITE_RECURSION = YES;
				CLANG_WARN_INT_CONVERSION = YES;
				CLANG_WARN_OBJC_ROOT_CLASS = YES_ERROR;
				CLANG_WARN_SUSPICIOUS_MOVE = YES;
				CLANG_WARN_UNREACHABLE_CODE = YES;
				CLANG_WARN__DUPLICATE_METHOD_MATCH = YES;
				"CODE_SIGN_IDENTITY[sdk=iphoneos*]" = "iPhone Developer";
				COPY_PHASE_STRIP = NO;
				DEBUG_INFORMATION_FORMAT = dwarf;
				ENABLE_STRICT_OBJC_MSGSEND = YES;
				ENABLE_TESTABILITY = YES;
				GCC_C_LANGUAGE_STANDARD = gnu99;
				GCC_DYNAMIC_NO_PIC = NO;
				GCC_NO_COMMON_BLOCKS = YES;
				GCC_OPTIMIZATION_LEVEL = 0;
				GCC_PREPROCESSOR_DEFINITIONS = (
					"DEBUG=1",
					"$(inherited)",
				);
				GCC_WARN_64_TO_32_BIT_CONVERSION = YES;
				GCC_WARN_ABOUT_RETURN_TYPE = YES_ERROR;
				GCC_WARN_UNDECLARED_SELECTOR = YES;
				GCC_WARN_UNINITIALIZED_AUTOS = YES_AGGRESSIVE;
				GCC_WARN_UNUSED_FUNCTION = YES;
				GCC_WARN_UNUSED_VARIABLE = YES;
				IPHONEOS_DEPLOYMENT_TARGET = 10.3;
				MTL_ENABLE_DEBUG_INFO = YES;
				ONLY_ACTIVE_ARCH = YES;
				SDKROOT = iphoneos;
				TARGETED_DEVICE_FAMILY = "1,2";
			};
			name = Debug;
		};
		E94095091EFBBED200A33F5C /* Release */ = {
			isa = XCBuildConfiguration;
			buildSettings = {
				ALWAYS_SEARCH_USER_PATHS = NO;
				CLANG_ANALYZER_NONNULL = YES;
				CLANG_ANALYZER_NUMBER_OBJECT_CONVERSION = YES_AGGRESSIVE;
				CLANG_CXX_LANGUAGE_STANDARD = "gnu++0x";
				CLANG_CXX_LIBRARY = "libc++";
				CLANG_ENABLE_MODULES = YES;
				CLANG_ENABLE_OBJC_ARC = YES;
				CLANG_WARN_BOOL_CONVERSION = YES;
				CLANG_WARN_CONSTANT_CONVERSION = YES;
				CLANG_WARN_DIRECT_OBJC_ISA_USAGE = YES_ERROR;
				CLANG_WARN_DOCUMENTATION_COMMENTS = YES;
				CLANG_WARN_EMPTY_BODY = YES;
				CLANG_WARN_ENUM_CONVERSION = YES;
				CLANG_WARN_INFINITE_RECURSION = YES;
				CLANG_WARN_INT_CONVERSION = YES;
				CLANG_WARN_OBJC_ROOT_CLASS = YES_ERROR;
				CLANG_WARN_SUSPICIOUS_MOVE = YES;
				CLANG_WARN_UNREACHABLE_CODE = YES;
				CLANG_WARN__DUPLICATE_METHOD_MATCH = YES;
				"CODE_SIGN_IDENTITY[sdk=iphoneos*]" = "iPhone Developer";
				COPY_PHASE_STRIP = NO;
				DEBUG_INFORMATION_FORMAT = "dwarf-with-dsym";
				ENABLE_NS_ASSERTIONS = NO;
				ENABLE_STRICT_OBJC_MSGSEND = YES;
				GCC_C_LANGUAGE_STANDARD = gnu99;
				GCC_NO_COMMON_BLOCKS = YES;
				GCC_WARN_64_TO_32_BIT_CONVERSION = YES;
				GCC_WARN_ABOUT_RETURN_TYPE = YES_ERROR;
				GCC_WARN_UNDECLARED_SELECTOR = YES;
				GCC_WARN_UNINITIALIZED_AUTOS = YES_AGGRESSIVE;
				GCC_WARN_UNUSED_FUNCTION = YES;
				GCC_WARN_UNUSED_VARIABLE = YES;
				IPHONEOS_DEPLOYMENT_TARGET = 10.3;
				MTL_ENABLE_DEBUG_INFO = NO;
				SDKROOT = iphoneos;
				TARGETED_DEVICE_FAMILY = "1,2";
				VALIDATE_PRODUCT = YES;
			};
			name = Release;
		};
		E940950B1EFBBED200A33F5C /* Debug */ = {
			isa = XCBuildConfiguration;
			buildSettings = {
				ASSETCATALOG_COMPILER_APPICON_NAME = AppIcon;
				DEVELOPMENT_TEAM = XSMMZ2EM25;
				INFOPLIST_FILE = SearchBarTest/Info.plist;
				LD_RUNPATH_SEARCH_PATHS = "$(inherited) @executable_path/Frameworks";
				PRODUCT_BUNDLE_IDENTIFIER = com.zhuo.SearchBarTest;
				PRODUCT_NAME = "$(TARGET_NAME)";
			};
			name = Debug;
		};
		E940950C1EFBBED200A33F5C /* Release */ = {
			isa = XCBuildConfiguration;
			buildSettings = {
				ASSETCATALOG_COMPILER_APPICON_NAME = AppIcon;
				DEVELOPMENT_TEAM = XSMMZ2EM25;
				INFOPLIST_FILE = SearchBarTest/Info.plist;
				LD_RUNPATH_SEARCH_PATHS = "$(inherited) @executable_path/Frameworks";
				PRODUCT_BUNDLE_IDENTIFIER = com.zhuo.SearchBarTest;
				PRODUCT_NAME = "$(TARGET_NAME)";
			};
			name = Release;
		};
/* End XCBuildConfiguration section */

/* Begin XCConfigurationList section */
		E94094EE1EFBBED200A33F5C /* Build configuration list for PBXProject "SearchBarTest" */ = {
			isa = XCConfigurationList;
			buildConfigurations = (
				E94095081EFBBED200A33F5C /* Debug */,
				E94095091EFBBED200A33F5C /* Release */,
			);
			defaultConfigurationIsVisible = 0;
			defaultConfigurationName = Release;
		};
		E940950A1EFBBED200A33F5C /* Build configuration list for PBXNativeTarget "SearchBarTest" */ = {
			isa = XCConfigurationList;
			buildConfigurations = (
				E940950B1EFBBED200A33F5C /* Debug */,
				E940950C1EFBBED200A33F5C /* Release */,
			);
			defaultConfigurationIsVisible = 0;
		};
/* End XCConfigurationList section */
	};
	rootObject = E94094EB1EFBBED200A33F5C /* Project object */;
}
