PODS:
  - ZZCollectionViewWaterfallLayout (1.0.2)

DEPENDENCIES:
  - ZZCollectionViewWaterfallLayout (from `../`)

EXTERNAL SOURCES:
  ZZCollectionViewWaterfallLayout:
    :path: ../

SPEC CHECKSUMS:
  ZZCollectionViewWaterfallLayout: 5e90c5b961f4ed48e91c2c7d7eb68086808a22ee

PODFILE CHECKSUM: 6a64e99db88a93353167990bd1fc32a36b429784

COCOAPODS: 1.2.1
